
Microsoft Visual Studio Solution File, Format Version 12.00
Project("{FAE04EC0-301F-11D3-BF4B-00C04F79EFBC}") = "sample-rider", "sample-rider.csproj", "{3257A3CA-867B-4F58-9D1A-B050413E0982}"
EndProject
Global
	GlobalSection(SolutionConfigurationPlatforms) = preSolution
		Debug|Any CPU = Debug|Any CPU
		Release|Any CPU = Release|Any CPU
	EndGlobalSection
	GlobalSection(ProjectConfigurationPlatforms) = postSolution
		{3257A3CA-867B-4F58-9D1A-B050413E0982}.Debug|Any CPU.ActiveCfg = Debug|Any CPU
		{3257A3CA-867B-4F58-9D1A-B050413E0982}.Debug|Any CPU.Build.0 = Debug|Any CPU
		{3257A3CA-867B-4F58-9D1A-B050413E0982}.Release|Any CPU.ActiveCfg = Release|Any CPU
		{3257A3CA-867B-4F58-9D1A-B050413E0982}.Release|Any CPU.Build.0 = Release|Any CPU
	EndGlobalSection
EndGlobal
