# This is a Gradle generated file for dependency locking.
# Manual edits can break the build and are not advised.
# This file is expected to be part of source control.
com.fasterxml.jackson.core:jackson-annotations:2.17.0=intellijPlatformTestClasspath,intellijPlatformTestDependencies
com.fasterxml.jackson.core:jackson-core:2.17.0=intellijPlatformTestClasspath,intellijPlatformTestDependencies
com.fasterxml.jackson.core:jackson-databind:2.17.0=intellijPlatformTestClasspath,intellijPlatformTestDependencies
com.fasterxml.jackson.module:jackson-module-kotlin:2.17.0=intellijPlatformTestClasspath,intellijPlatformTestDependencies
com.fasterxml.jackson:jackson-bom:2.17.0=intellijPlatformTestClasspath,intellijPlatformTestDependencies
com.github.ben-manes.caffeine:caffeine:2.9.3=swiftExportClasspathResolvable
com.google.code.findbugs:jsr305:3.0.2=compileClasspath,compileOnlyDependenciesMetadata
com.google.errorprone:error_prone_annotations:2.28.0=swiftExportClasspathResolvable
com.jetbrains:jbr-api:1.0.0=intellijPlatformTestClasspath,intellijPlatformTestDependencies
com.jgoodies:forms:1.1-preview=intellijPlatformJavaCompiler
io.github.java-diff-utils:java-diff-utils:4.12=kotlinInternalAbiValidation
io.opentelemetry:opentelemetry-api:1.41.0=swiftExportClasspathResolvable
io.opentelemetry:opentelemetry-context:1.41.0=swiftExportClasspathResolvable
jaxen:jaxen:1.2.0=intellijPlatformJavaCompiler
junit:junit:4.13.2=intellijPlatformTestRuntimeClasspath,testCompileClasspath,testImplementationDependenciesMetadata,testRuntimeClasspath
net.bytebuddy:byte-buddy:1.18.3=intellijPlatformTestRuntimeClasspath,testCompileClasspath,testImplementationDependenciesMetadata,testRuntimeClasspath
org.apache.httpcomponents:httpclient:4.5.14=intellijPlatformTestClasspath,intellijPlatformTestDependencies
org.apache.httpcomponents:httpcore:4.4.16=intellijPlatformTestClasspath,intellijPlatformTestDependencies
org.apache.httpcomponents:httpmime:4.5.14=intellijPlatformTestClasspath,intellijPlatformTestDependencies
org.apiguardian:apiguardian-api:1.1.2=testCompileClasspath,testImplementationDependenciesMetadata
org.assertj:assertj-core:3.27.7=intellijPlatformTestRuntimeClasspath,testCompileClasspath,testImplementationDependenciesMetadata,testRuntimeClasspath
org.bouncycastle:bcpg-jdk18on:1.80=kotlinBouncyCastleConfiguration
org.bouncycastle:bcpkix-jdk18on:1.80=kotlinBouncyCastleConfiguration
org.bouncycastle:bcprov-jdk18on:1.80.2=kotlinBouncyCastleConfiguration
org.bouncycastle:bcutil-jdk18on:1.80.2=kotlinBouncyCastleConfiguration
org.checkerframework:checker-qual:3.43.0=swiftExportClasspathResolvable
org.hamcrest:hamcrest-core:1.3=intellijPlatformTestRuntimeClasspath,testCompileClasspath,testImplementationDependenciesMetadata,testRuntimeClasspath
org.jetbrains.compose.hot-reload:hot-reload-agent:1.1.0-alpha03=composeHotReloadAgent
org.jetbrains.intellij.deps:asm-all:9.6.1=intellijPlatformJavaCompiler
org.jetbrains.intellij.plugins:verifier-cli:1.403=intellijPluginVerifier
org.jetbrains.kotlin:abi-tools-api:2.2.21=kotlinInternalAbiValidation
org.jetbrains.kotlin:abi-tools:2.2.21=kotlinInternalAbiValidation
org.jetbrains.kotlin:kotlin-build-tools-api:2.2.21=kotlinBuildToolsApiClasspath
org.jetbrains.kotlin:kotlin-build-tools-impl:2.2.21=kotlinBuildToolsApiClasspath
org.jetbrains.kotlin:kotlin-compiler-embeddable:2.2.21=kotlinBuildToolsApiClasspath,kotlinCompilerClasspath,kotlinInternalAbiValidation,kotlinKlibCommonizerClasspath,swiftExportClasspathResolvable
org.jetbrains.kotlin:kotlin-compiler-runner:2.2.21=kotlinBuildToolsApiClasspath
org.jetbrains.kotlin:kotlin-daemon-client:2.2.21=kotlinBuildToolsApiClasspath
org.jetbrains.kotlin:kotlin-daemon-embeddable:2.2.21=kotlinBuildToolsApiClasspath,kotlinCompilerClasspath,kotlinInternalAbiValidation,kotlinKlibCommonizerClasspath,swiftExportClasspathResolvable
org.jetbrains.kotlin:kotlin-klib-commonizer-embeddable:2.2.21=kotlinKlibCommonizerClasspath
org.jetbrains.kotlin:kotlin-metadata-jvm:2.2.21=kotlinInternalAbiValidation
org.jetbrains.kotlin:kotlin-reflect:1.6.10=kotlinBuildToolsApiClasspath,kotlinCompilerClasspath,kotlinInternalAbiValidation,kotlinKlibCommonizerClasspath,swiftExportClasspathResolvable
org.jetbrains.kotlin:kotlin-script-runtime:2.2.21=kotlinBuildToolsApiClasspath,kotlinCompilerClasspath,kotlinCompilerPluginClasspathMain,kotlinCompilerPluginClasspathTest,kotlinInternalAbiValidation,kotlinKlibCommonizerClasspath,swiftExportClasspathResolvable
org.jetbrains.kotlin:kotlin-scripting-common:2.2.21=kotlinBuildToolsApiClasspath,kotlinCompilerPluginClasspathMain,kotlinCompilerPluginClasspathTest
org.jetbrains.kotlin:kotlin-scripting-compiler-embeddable:2.2.21=kotlinBuildToolsApiClasspath,kotlinCompilerPluginClasspathMain,kotlinCompilerPluginClasspathTest
org.jetbrains.kotlin:kotlin-scripting-compiler-impl-embeddable:2.2.21=kotlinBuildToolsApiClasspath,kotlinCompilerPluginClasspathMain,kotlinCompilerPluginClasspathTest
org.jetbrains.kotlin:kotlin-scripting-jvm:2.2.21=kotlinBuildToolsApiClasspath,kotlinCompilerPluginClasspathMain,kotlinCompilerPluginClasspathTest
org.jetbrains.kotlin:kotlin-stdlib:2.2.21=kotlinBuildToolsApiClasspath,kotlinCompilerClasspath,kotlinCompilerPluginClasspathMain,kotlinCompilerPluginClasspathTest,kotlinInternalAbiValidation,kotlinKlibCommonizerClasspath,swiftExportClasspathResolvable
org.jetbrains.kotlin:swift-export-embeddable:2.2.21=swiftExportClasspathResolvable
org.jetbrains.kotlinx:kotlinx-coroutines-core-jvm:1.8.0=kotlinBuildToolsApiClasspath,kotlinCompilerClasspath,kotlinInternalAbiValidation,kotlinKlibCommonizerClasspath,swiftExportClasspathResolvable
org.jetbrains.kotlinx:kotlinx-serialization-bom:1.7.3=swiftExportClasspathResolvable
org.jetbrains.kotlinx:kotlinx-serialization-core-jvm:1.7.3=swiftExportClasspathResolvable
org.jetbrains.kotlinx:kotlinx-serialization-core:1.7.3=swiftExportClasspathResolvable
org.jetbrains:annotations:13.0=kotlinBuildToolsApiClasspath,kotlinCompilerClasspath,kotlinCompilerPluginClasspathMain,kotlinCompilerPluginClasspathTest,kotlinInternalAbiValidation,kotlinKlibCommonizerClasspath,swiftExportClasspathResolvable
org.jetbrains:annotations:24.0.0=intellijPlatformJavaCompiler,intellijPlatformTestClasspath,intellijPlatformTestDependencies
org.jetbrains:marketplace-zip-signer:0.1.43=marketplaceZipSigner
org.junit.jupiter:junit-jupiter-api:5.14.2=intellijPlatformTestRuntimeClasspath,testCompileClasspath,testImplementationDependenciesMetadata,testRuntimeClasspath
org.junit.jupiter:junit-jupiter-engine:5.14.2=intellijPlatformTestRuntimeClasspath,testRuntimeClasspath
org.junit.jupiter:junit-jupiter-params:5.14.2=intellijPlatformTestRuntimeClasspath,testCompileClasspath,testImplementationDependenciesMetadata,testRuntimeClasspath
org.junit.jupiter:junit-jupiter:5.14.2=intellijPlatformTestRuntimeClasspath,testCompileClasspath,testImplementationDependenciesMetadata,testRuntimeClasspath
org.junit.platform:junit-platform-commons:1.14.2=intellijPlatformTestRuntimeClasspath,testCompileClasspath,testImplementationDependenciesMetadata,testRuntimeClasspath
org.junit.platform:junit-platform-engine:1.14.2=intellijPlatformTestRuntimeClasspath,testRuntimeClasspath
org.junit.platform:junit-platform-launcher:1.14.2=intellijPlatformTestRuntimeClasspath,testRuntimeClasspath
org.junit:junit-bom:5.14.2=intellijPlatformTestRuntimeClasspath,testCompileClasspath,testImplementationDependenciesMetadata,testRuntimeClasspath
org.opentest4j:opentest4j:1.3.0=intellijPlatformTestRuntimeClasspath,testCompileClasspath,testImplementationDependenciesMetadata,testRuntimeClasspath
empty=annotationProcessor,apiDependenciesMetadata,cyclonedxBom,implementationDependenciesMetadata,intellijPlatformBundledModules,intellijPlatformBundledPlugins,intellijPlatformClasspath,intellijPlatformComposedJar,intellijPlatformDependencies,intellijPlatformDependency,intellijPlatformDependencyArchive,intellijPlatformLocal,intellijPlatformPlugin,intellijPlatformPluginComposedModule,intellijPlatformPluginDependency,intellijPlatformPluginLocal,intellijPlatformPluginModule,intellijPlatformRuntimeClasspath,intellijPlatformTestBundledModules,intellijPlatformTestBundledPlugins,intellijPlatformTestPlugin,intellijPlatformTestPluginDependency,intellijPlatformTestPluginLocal,intellijPlatformTestRuntimeFixClasspath,intellijPluginVerifierIdes,intellijPluginVerifierIdesDependency,intellijPluginVerifierIdesLocalInstance,intransitiveDependenciesMetadata,jetbrainsRuntimeLocalInstance,kotlinCompilerPluginClasspath,kotlinNativeCompilerPluginClasspath,kotlinScriptDefExtensions,runtimeClasspath,testAnnotationProcessor,testApiDependenciesMetadata,testCompileOnlyDependenciesMetadata,testIntransitiveDependenciesMetadata,testKotlinScriptDefExtensions
