# This is a Gradle generated file for dependency locking.
# Manual edits can break the build and are not advised.
# This file is expected to be part of source control.
com.github.ben-manes.caffeine:caffeine:2.9.3=swiftExportClasspathResolvable
com.google.code.findbugs:jsr305:3.0.2=compileClasspath,compileOnlyDependenciesMetadata
com.google.errorprone:error_prone_annotations:2.28.0=swiftExportClasspathResolvable
com.jetbrains.intellij.java:java-compiler-ant-tasks:242.20224.300=intellijPlatformJavaCompiler
com.jetbrains.intellij.java:java-compiler-instrumentation-util-java8:242.20224.300=intellijPlatformJavaCompiler
com.jetbrains.intellij.java:java-compiler-instrumentation-util:242.20224.300=intellijPlatformJavaCompiler
com.jetbrains.intellij.java:java-gui-forms-compiler:242.20224.300=intellijPlatformJavaCompiler
com.jetbrains.intellij.java:java-gui-forms-rt:242.20224.300=intellijPlatformJavaCompiler
com.jetbrains.intellij.platform:util-jdom:242.20224.300=intellijPlatformJavaCompiler
com.jgoodies:forms:1.1-preview=intellijPlatformJavaCompiler
io.github.java-diff-utils:java-diff-utils:4.12=kotlinInternalAbiValidation
io.opentelemetry:opentelemetry-api:1.41.0=swiftExportClasspathResolvable
io.opentelemetry:opentelemetry-context:1.41.0=swiftExportClasspathResolvable
jaxen:jaxen:1.2.0=intellijPlatformJavaCompiler
org.bouncycastle:bcpg-jdk18on:1.80=kotlinBouncyCastleConfiguration
org.bouncycastle:bcpkix-jdk18on:1.80=kotlinBouncyCastleConfiguration
org.bouncycastle:bcprov-jdk18on:1.80=kotlinBouncyCastleConfiguration
org.bouncycastle:bcutil-jdk18on:1.80=kotlinBouncyCastleConfiguration
org.checkerframework:checker-qual:3.43.0=swiftExportClasspathResolvable
org.jetbrains.compose.hot-reload:hot-reload-agent:1.1.0-alpha03=composeHotReloadAgent
org.jetbrains.intellij.deps:asm-all:9.6.1=intellijPlatformJavaCompiler
org.jetbrains.intellij.plugins:verifier-cli:1.403=intellijPluginVerifier
org.jetbrains.kotlin:abi-tools-api:2.2.21=kotlinInternalAbiValidation
org.jetbrains.kotlin:abi-tools:2.2.21=kotlinInternalAbiValidation
org.jetbrains.kotlin:kotlin-build-tools-api:2.2.21=kotlinBuildToolsApiClasspath
org.jetbrains.kotlin:kotlin-build-tools-impl:2.2.21=kotlinBuildToolsApiClasspath
org.jetbrains.kotlin:kotlin-compiler-embeddable:2.2.21=kotlinBuildToolsApiClasspath,kotlinCompilerClasspath,kotlinInternalAbiValidation,kotlinKlibCommonizerClasspath,swiftExportClasspathResolvable
org.jetbrains.kotlin:kotlin-compiler-runner:2.2.21=kotlinBuildToolsApiClasspath
org.jetbrains.kotlin:kotlin-daemon-client:2.2.21=kotlinBuildToolsApiClasspath
org.jetbrains.kotlin:kotlin-daemon-embeddable:2.2.21=kotlinBuildToolsApiClasspath,kotlinCompilerClasspath,kotlinInternalAbiValidation,kotlinKlibCommonizerClasspath,swiftExportClasspathResolvable
org.jetbrains.kotlin:kotlin-klib-commonizer-embeddable:2.2.21=kotlinKlibCommonizerClasspath
org.jetbrains.kotlin:kotlin-metadata-jvm:2.2.21=kotlinInternalAbiValidation
org.jetbrains.kotlin:kotlin-reflect:1.6.10=kotlinBuildToolsApiClasspath,kotlinCompilerClasspath,kotlinInternalAbiValidation,kotlinKlibCommonizerClasspath,swiftExportClasspathResolvable
org.jetbrains.kotlin:kotlin-script-runtime:2.2.21=kotlinBuildToolsApiClasspath,kotlinCompilerClasspath,kotlinCompilerPluginClasspathMain,kotlinCompilerPluginClasspathTest,kotlinInternalAbiValidation,kotlinKlibCommonizerClasspath,swiftExportClasspathResolvable
org.jetbrains.kotlin:kotlin-scripting-common:2.2.21=kotlinBuildToolsApiClasspath,kotlinCompilerPluginClasspathMain,kotlinCompilerPluginClasspathTest
org.jetbrains.kotlin:kotlin-scripting-compiler-embeddable:2.2.21=kotlinBuildToolsApiClasspath,kotlinCompilerPluginClasspathMain,kotlinCompilerPluginClasspathTest
org.jetbrains.kotlin:kotlin-scripting-compiler-impl-embeddable:2.2.21=kotlinBuildToolsApiClasspath,kotlinCompilerPluginClasspathMain,kotlinCompilerPluginClasspathTest
org.jetbrains.kotlin:kotlin-scripting-jvm:2.2.21=kotlinBuildToolsApiClasspath,kotlinCompilerPluginClasspathMain,kotlinCompilerPluginClasspathTest
org.jetbrains.kotlin:kotlin-stdlib:2.2.21=kotlinBuildToolsApiClasspath,kotlinCompilerClasspath,kotlinCompilerPluginClasspathMain,kotlinCompilerPluginClasspathTest,kotlinInternalAbiValidation,kotlinKlibCommonizerClasspath,swiftExportClasspathResolvable
org.jetbrains.kotlin:swift-export-embeddable:2.2.21=swiftExportClasspathResolvable
org.jetbrains.kotlinx:kotlinx-coroutines-core-jvm:1.8.0=kotlinBuildToolsApiClasspath,kotlinCompilerClasspath,kotlinInternalAbiValidation,kotlinKlibCommonizerClasspath,swiftExportClasspathResolvable
org.jetbrains.kotlinx:kotlinx-serialization-bom:1.7.3=swiftExportClasspathResolvable
org.jetbrains.kotlinx:kotlinx-serialization-core-jvm:1.7.3=swiftExportClasspathResolvable
org.jetbrains.kotlinx:kotlinx-serialization-core:1.7.3=swiftExportClasspathResolvable
org.jetbrains:annotations:13.0=kotlinBuildToolsApiClasspath,kotlinCompilerClasspath,kotlinCompilerPluginClasspathMain,kotlinCompilerPluginClasspathTest,kotlinInternalAbiValidation,kotlinKlibCommonizerClasspath,swiftExportClasspathResolvable
org.jetbrains:annotations:24.0.0=intellijPlatformJavaCompiler
org.jetbrains:marketplace-zip-signer:0.1.43=marketplaceZipSigner
empty=annotationProcessor,apiDependenciesMetadata,implementationDependenciesMetadata,intellijPlatformBundledModules,intellijPlatformBundledPlugins,intellijPlatformClasspath,intellijPlatformComposedJar,intellijPlatformDependencies,intellijPlatformDependency,intellijPlatformDependencyArchive,intellijPlatformLocal,intellijPlatformPlugin,intellijPlatformPluginComposedModule,intellijPlatformPluginDependency,intellijPlatformPluginLocal,intellijPlatformPluginModule,intellijPlatformRuntimeClasspath,intellijPlatformTestBundledModules,intellijPlatformTestBundledPlugins,intellijPlatformTestClasspath,intellijPlatformTestDependencies,intellijPlatformTestPlugin,intellijPlatformTestPluginDependency,intellijPlatformTestPluginLocal,intellijPlatformTestRuntimeClasspath,intellijPlatformTestRuntimeFixClasspath,intellijPluginVerifierIdes,intellijPluginVerifierIdesDependency,intellijPluginVerifierIdesLocalInstance,intransitiveDependenciesMetadata,jetbrainsRuntime,jetbrainsRuntimeDependency,jetbrainsRuntimeLocalInstance,kotlinCompilerPluginClasspath,kotlinNativeCompilerPluginClasspath,kotlinScriptDefExtensions,runtimeClasspath,testAnnotationProcessor,testApiDependenciesMetadata,testCompileClasspath,testCompileOnlyDependenciesMetadata,testImplementationDependenciesMetadata,testIntransitiveDependenciesMetadata,testKotlinScriptDefExtensions,testRuntimeClasspath
